// !$*UTF8*$!
{
	archiveVersion = 1;
	classes = {
	};
	objectVersion = 56;
	objects = {

/* Begin PBXBuildFile section */
		147E26AA2AB4C9FF009A88D7 /* WealdApp.swift in Sources */ = {isa = PBXBuildFile; fileRef = 147E26A92AB4C9FF009A88D7 /* WealdApp.swift */; };
		147E26AC2AB4C9FF009A88D7 /* ContentView.swift in Sources */ = {isa = PBXBuildFile; fileRef = 147E26AB2AB4C9FF009A88D7 /* ContentView.swift */; };
		147E26AE2AB4C9FF009A88D7 /* Assets.xcassets in Resources */ = {isa = PBXBuildFile; fileRef = 147E26AD2AB4C9FF009A88D7 /* Assets.xcassets */; };
		147E26B12AB4C9FF009A88D7 /* Preview Assets.xcassets in Resources */ = {isa = PBXBuildFile; fileRef = 147E26B02AB4C9FF009A88D7 /* Preview Assets.xcassets */; };
		147E26B82AB4CA66009A88D7 /* Entries.Asset.swift in Sources */ = {isa = PBXBuildFile; fileRef = 147E26B72AB4CA66009A88D7 /* Entries.Asset.swift */; };
		147E26BA2AB4CAD5009A88D7 /* Entries.swift in Sources */ = {isa = PBXBuildFile; fileRef = 147E26B92AB4CAD5009A88D7 /* Entries.swift */; };
		147E26BC2AB4CB3E009A88D7 /* Resources.swift in Sources */ = {isa = PBXBuildFile; fileRef = 147E26BB2AB4CB3E009A88D7 /* Resources.swift */; };
		147E26BE2AB4CB84009A88D7 /* Tar.swift in Sources */ = {isa = PBXBuildFile; fileRef = 147E26BD2AB4CB84009A88D7 /* Tar.swift */; };
		147E26C12AB4CBDC009A88D7 /* AssetNavigationLink.swift in Sources */ = {isa = PBXBuildFile; fileRef = 147E26C02AB4CBDC009A88D7 /* AssetNavigationLink.swift */; };
		147E26C32AB4CBF4009A88D7 /* AssetView.swift in Sources */ = {isa = PBXBuildFile; fileRef = 147E26C22AB4CBF4009A88D7 /* AssetView.swift */; };
		147E26C52AB4CC15009A88D7 /* AssociatedAssetsView.swift in Sources */ = {isa = PBXBuildFile; fileRef = 147E26C42AB4CC15009A88D7 /* AssociatedAssetsView.swift */; };
		147E26C72AB4CC2C009A88D7 /* PlayerView.swift in Sources */ = {isa = PBXBuildFile; fileRef = 147E26C62AB4CC2C009A88D7 /* PlayerView.swift */; };
		147E26C92AB4CC47009A88D7 /* PointsOfInterestTable.swift in Sources */ = {isa = PBXBuildFile; fileRef = 147E26C82AB4CC47009A88D7 /* PointsOfInterestTable.swift */; };
		147E26CB2AB4CC67009A88D7 /* ShuffleNavigationLink.swift in Sources */ = {isa = PBXBuildFile; fileRef = 147E26CA2AB4CC67009A88D7 /* ShuffleNavigationLink.swift */; };
		147E26CD2AB4CC7F009A88D7 /* ShuffleSection.swift in Sources */ = {isa = PBXBuildFile; fileRef = 147E26CC2AB4CC7F009A88D7 /* ShuffleSection.swift */; };
		147E26CF2AB4CC94009A88D7 /* SidebarSectionHeader.swift in Sources */ = {isa = PBXBuildFile; fileRef = 147E26CE2AB4CC94009A88D7 /* SidebarSectionHeader.swift */; };
		147E26D22AB4CE04009A88D7 /* Collections.swift in Sources */ = {isa = PBXBuildFile; fileRef = 147E26D12AB4CE04009A88D7 /* Collections.swift */; };
/* End PBXBuildFile section */

/* Begin PBXFileReference section */
		147E26A62AB4C9FF009A88D7 /* Weald.app */ = {isa = PBXFileReference; explicitFileType = wrapper.application; includeInIndex = 0; path = Weald.app; sourceTree = BUILT_PRODUCTS_DIR; };
		147E26A92AB4C9FF009A88D7 /* WealdApp.swift */ = {isa = PBXFileReference; lastKnownFileType = sourcecode.swift; path = WealdApp.swift; sourceTree = "<group>"; };
		147E26AB2AB4C9FF009A88D7 /* ContentView.swift */ = {isa = PBXFileReference; lastKnownFileType = sourcecode.swift; path = ContentView.swift; sourceTree = "<group>"; };
		147E26AD2AB4C9FF009A88D7 /* Assets.xcassets */ = {isa = PBXFileReference; lastKnownFileType = folder.assetcatalog; path = Assets.xcassets; sourceTree = "<group>"; };
		147E26B02AB4C9FF009A88D7 /* Preview Assets.xcassets */ = {isa = PBXFileReference; lastKnownFileType = folder.assetcatalog; path = "Preview Assets.xcassets"; sourceTree = "<group>"; };
		147E26B72AB4CA66009A88D7 /* Entries.Asset.swift */ = {isa = PBXFileReference; lastKnownFileType = sourcecode.swift; path = Entries.Asset.swift; sourceTree = "<group>"; };
		147E26B92AB4CAD5009A88D7 /* Entries.swift */ = {isa = PBXFileReference; lastKnownFileType = sourcecode.swift; path = Entries.swift; sourceTree = "<group>"; };
		147E26BB2AB4CB3E009A88D7 /* Resources.swift */ = {isa = PBXFileReference; lastKnownFileType = sourcecode.swift; path = Resources.swift; sourceTree = "<group>"; };
		147E26BD2AB4CB84009A88D7 /* Tar.swift */ = {isa = PBXFileReference; lastKnownFileType = sourcecode.swift; path = Tar.swift; sourceTree = "<group>"; };
		147E26C02AB4CBDC009A88D7 /* AssetNavigationLink.swift */ = {isa = PBXFileReference; lastKnownFileType = sourcecode.swift; path = AssetNavigationLink.swift; sourceTree = "<group>"; };
		147E26C22AB4CBF4009A88D7 /* AssetView.swift */ = {isa = PBXFileReference; lastKnownFileType = sourcecode.swift; path = AssetView.swift; sourceTree = "<group>"; };
		147E26C42AB4CC15009A88D7 /* AssociatedAssetsView.swift */ = {isa = PBXFileReference; lastKnownFileType = sourcecode.swift; path = AssociatedAssetsView.swift; sourceTree = "<group>"; };
		147E26C62AB4CC2C009A88D7 /* PlayerView.swift */ = {isa = PBXFileReference; lastKnownFileType = sourcecode.swift; path = PlayerView.swift; sourceTree = "<group>"; };
		147E26C82AB4CC47009A88D7 /* PointsOfInterestTable.swift */ = {isa = PBXFileReference; lastKnownFileType = sourcecode.swift; path = PointsOfInterestTable.swift; sourceTree = "<group>"; };
		147E26CA2AB4CC67009A88D7 /* ShuffleNavigationLink.swift */ = {isa = PBXFileReference; lastKnownFileType = sourcecode.swift; path = ShuffleNavigationLink.swift; sourceTree = "<group>"; };
		147E26CC2AB4CC7F009A88D7 /* ShuffleSection.swift */ = {isa = PBXFileReference; lastKnownFileType = sourcecode.swift; path = ShuffleSection.swift; sourceTree = "<group>"; };
		147E26CE2AB4CC94009A88D7 /* SidebarSectionHeader.swift */ = {isa = PBXFileReference; lastKnownFileType = sourcecode.swift; path = SidebarSectionHeader.swift; sourceTree = "<group>"; };
		147E26D12AB4CE04009A88D7 /* Collections.swift */ = {isa = PBXFileReference; lastKnownFileType = sourcecode.swift; path = Collections.swift; sourceTree = "<group>"; };
/* End PBXFileReference section */

/* Begin PBXFrameworksBuildPhase section */
		147E26A32AB4C9FF009A88D7 /* Frameworks */ = {
			isa = PBXFrameworksBuildPhase;
			buildActionMask = 2147483647;
			files = (
			);
			runOnlyForDeploymentPostprocessing = 0;
		};
/* End PBXFrameworksBuildPhase section */

/* Begin PBXGroup section */
		147E269D2AB4C9FF009A88D7 = {
			isa = PBXGroup;
			children = (
				147E26A82AB4C9FF009A88D7 /* Weald */,
				147E26A72AB4C9FF009A88D7 /* Products */,
			);
			sourceTree = "<group>";
		};
		147E26A72AB4C9FF009A88D7 /* Products */ = {
			isa = PBXGroup;
			children = (
				147E26A62AB4C9FF009A88D7 /* Weald.app */,
			);
			name = Products;
			sourceTree = "<group>";
		};
		147E26A82AB4C9FF009A88D7 /* Weald */ = {
			isa = PBXGroup;
			children = (
				147E26D52AB4D178009A88D7 /* Application */,
				147E26BF2AB4CBB9009A88D7 /* UI */,
				147E26D02AB4CDBA009A88D7 /* Extensions */,
				147E26D62AB4D1CF009A88D7 /* Model */,
				147E26AD2AB4C9FF009A88D7 /* Assets.xcassets */,
				147E26AF2AB4C9FF009A88D7 /* Preview Content */,
			);
			path = Weald;
			sourceTree = "<group>";
		};
		147E26AF2AB4C9FF009A88D7 /* Preview Content */ = {
			isa = PBXGroup;
			children = (
				147E26B02AB4C9FF009A88D7 /* Preview Assets.xcassets */,
			);
			path = "Preview Content";
			sourceTree = "<group>";
		};
		147E26BF2AB4CBB9009A88D7 /* UI */ = {
			isa = PBXGroup;
			children = (
				147E26C02AB4CBDC009A88D7 /* AssetNavigationLink.swift */,
				147E26CE2AB4CC94009A88D7 /* SidebarSectionHeader.swift */,
				147E26C22AB4CBF4009A88D7 /* AssetView.swift */,
				147E26C42AB4CC15009A88D7 /* AssociatedAssetsView.swift */,
				147E26C62AB4CC2C009A88D7 /* PlayerView.swift */,
				147E26C82AB4CC47009A88D7 /* PointsOfInterestTable.swift */,
				147E26CA2AB4CC67009A88D7 /* ShuffleNavigationLink.swift */,
				147E26CC2AB4CC7F009A88D7 /* ShuffleSection.swift */,
			);
			path = UI;
			sourceTree = "<group>";
		};
		147E26D02AB4CDBA009A88D7 /* Extensions */ = {
			isa = PBXGroup;
			children = (
				147E26B72AB4CA66009A88D7 /* Entries.Asset.swift */,
				147E26D12AB4CE04009A88D7 /* Collections.swift */,
			);
			path = Extensions;
			sourceTree = "<group>";
		};
		147E26D52AB4D178009A88D7 /* Application */ = {
			isa = PBXGroup;
			children = (
				147E26AB2AB4C9FF009A88D7 /* ContentView.swift */,
				147E26A92AB4C9FF009A88D7 /* WealdApp.swift */,
			);
			path = Application;
			sourceTree = "<group>";
		};
		147E26D62AB4D1CF009A88D7 /* Model */ = {
			isa = PBXGroup;
			children = (
				147E26B92AB4CAD5009A88D7 /* Entries.swift */,
				147E26BD2AB4CB84009A88D7 /* Tar.swift */,
				147E26BB2AB4CB3E009A88D7 /* Resources.swift */,
			);
			path = Model;
			sourceTree = "<group>";
		};
/* End PBXGroup section */

/* Begin PBXNativeTarget section */
		147E26A52AB4C9FF009A88D7 /* Weald */ = {
			isa = PBXNativeTarget;
			buildConfigurationList = 147E26B42AB4C9FF009A88D7 /* Build configuration list for PBXNativeTarget "Weald" */;
			buildPhases = (
				147E26A22AB4C9FF009A88D7 /* Sources */,
				147E26A32AB4C9FF009A88D7 /* Frameworks */,
				147E26A42AB4C9FF009A88D7 /* Resources */,
			);
			buildRules = (
			);
			dependencies = (
			);
			name = Weald;
			productName = Weald;
			productReference = 147E26A62AB4C9FF009A88D7 /* Weald.app */;
			productType = "com.apple.product-type.application";
		};
/* End PBXNativeTarget section */

/* Begin PBXProject section */
		147E269E2AB4C9FF009A88D7 /* Project object */ = {
			isa = PBXProject;
			attributes = {
				BuildIndependentTargetsInParallel = 1;
				LastSwiftUpdateCheck = 1430;
				LastUpgradeCheck = 1430;
				TargetAttributes = {
					147E26A52AB4C9FF009A88D7 = {
						CreatedOnToolsVersion = 14.3.1;
					};
				};
			};
			buildConfigurationList = 147E26A12AB4C9FF009A88D7 /* Build configuration list for PBXProject "Weald" */;
			compatibilityVersion = "Xcode 14.0";
			developmentRegion = en;
			hasScannedForEncodings = 0;
			knownRegions = (
				en,
				Base,
			);
			mainGroup = 147E269D2AB4C9FF009A88D7;
			productRefGroup = 147E26A72AB4C9FF009A88D7 /* Products */;
			projectDirPath = "";
			projectRoot = "";
			targets = (
				147E26A52AB4C9FF009A88D7 /* Weald */,
			);
		};
/* End PBXProject section */

/* Begin PBXResourcesBuildPhase section */
		147E26A42AB4C9FF009A88D7 /* Resources */ = {
			isa = PBXResourcesBuildPhase;
			buildActionMask = 2147483647;
			files = (
				147E26B12AB4C9FF009A88D7 /* Preview Assets.xcassets in Resources */,
				147E26AE2AB4C9FF009A88D7 /* Assets.xcassets in Resources */,
			);
			runOnlyForDeploymentPostprocessing = 0;
		};
/* End PBXResourcesBuildPhase section */

/* Begin PBXSourcesBuildPhase section */
		147E26A22AB4C9FF009A88D7 /* Sources */ = {
			isa = PBXSourcesBuildPhase;
			buildActionMask = 2147483647;
			files = (
				147E26B82AB4CA66009A88D7 /* Entries.Asset.swift in Sources */,
				147E26CB2AB4CC67009A88D7 /* ShuffleNavigationLink.swift in Sources */,
				147E26AC2AB4C9FF009A88D7 /* ContentView.swift in Sources */,
				147E26BA2AB4CAD5009A88D7 /* Entries.swift in Sources */,
				147E26CD2AB4CC7F009A88D7 /* ShuffleSection.swift in Sources */,
				147E26C72AB4CC2C009A88D7 /* PlayerView.swift in Sources */,
				147E26BE2AB4CB84009A88D7 /* Tar.swift in Sources */,
				147E26BC2AB4CB3E009A88D7 /* Resources.swift in Sources */,
				147E26C32AB4CBF4009A88D7 /* AssetView.swift in Sources */,
				147E26D22AB4CE04009A88D7 /* Collections.swift in Sources */,
				147E26AA2AB4C9FF009A88D7 /* WealdApp.swift in Sources */,
				147E26C92AB4CC47009A88D7 /* PointsOfInterestTable.swift in Sources */,
				147E26CF2AB4CC94009A88D7 /* SidebarSectionHeader.swift in Sources */,
				147E26C52AB4CC15009A88D7 /* AssociatedAssetsView.swift in Sources */,
				147E26C12AB4CBDC009A88D7 /* AssetNavigationLink.swift in Sources */,
			);
			runOnlyForDeploymentPostprocessing = 0;
		};
/* End PBXSourcesBuildPhase section */

/* Begin XCBuildConfiguration section */
		147E26B22AB4C9FF009A88D7 /* Debug */ = {
			isa = XCBuildConfiguration;
			buildSettings = {
				ALWAYS_SEARCH_USER_PATHS = NO;
				CLANG_ANALYZER_NONNULL = YES;
				CLANG_ANALYZER_NUMBER_OBJECT_CONVERSION = YES_AGGRESSIVE;
				CLANG_CXX_LANGUAGE_STANDARD = "gnu++20";
				CLANG_ENABLE_MODULES = YES;
				CLANG_ENABLE_OBJC_ARC = YES;
				CLANG_ENABLE_OBJC_WEAK = YES;
				CLANG_WARN_BLOCK_CAPTURE_AUTORELEASING = YES;
				CLANG_WARN_BOOL_CONVERSION = YES;
				CLANG_WARN_COMMA = YES;
				CLANG_WARN_CONSTANT_CONVERSION = YES;
				CLANG_WARN_DEPRECATED_OBJC_IMPLEMENTATIONS = YES;
				CLANG_WARN_DIRECT_OBJC_ISA_USAGE = YES_ERROR;
				CLANG_WARN_DOCUMENTATION_COMMENTS = YES;
				CLANG_WARN_EMPTY_BODY = YES;
				CLANG_WARN_ENUM_CONVERSION = YES;
				CLANG_WARN_INFINITE_RECURSION = YES;
				CLANG_WARN_INT_CONVERSION = YES;
				CLANG_WARN_NON_LITERAL_NULL_CONVERSION = YES;
				CLANG_WARN_OBJC_IMPLICIT_RETAIN_SELF = YES;
				CLANG_WARN_OBJC_LITERAL_CONVERSION = YES;
				CLANG_WARN_OBJC_ROOT_CLASS = YES_ERROR;
				CLANG_WARN_QUOTED_INCLUDE_IN_FRAMEWORK_HEADER = YES;
				CLANG_WARN_RANGE_LOOP_ANALYSIS = YES;
				CLANG_WARN_STRICT_PROTOTYPES = YES;
				CLANG_WARN_SUSPICIOUS_MOVE = YES;
				CLANG_WARN_UNGUARDED_AVAILABILITY = YES_AGGRESSIVE;
				CLANG_WARN_UNREACHABLE_CODE = YES;
				CLANG_WARN__DUPLICATE_METHOD_MATCH = YES;
				COPY_PHASE_STRIP = NO;
				DEBUG_INFORMATION_FORMAT = dwarf;
				ENABLE_STRICT_OBJC_MSGSEND = YES;
				ENABLE_TESTABILITY = YES;
				GCC_C_LANGUAGE_STANDARD = gnu11;
				GCC_DYNAMIC_NO_PIC = NO;
				GCC_NO_COMMON_BLOCKS = YES;
				GCC_OPTIMIZATION_LEVEL = 0;
				GCC_PREPROCESSOR_DEFINITIONS = (
					"DEBUG=1",
					"$(inherited)",
				);
				GCC_WARN_64_TO_32_BIT_CONVERSION = YES;
				GCC_WARN_ABOUT_RETURN_TYPE = YES_ERROR;
				GCC_WARN_UNDECLARED_SELECTOR = YES;
				GCC_WARN_UNINITIALIZED_AUTOS = YES_AGGRESSIVE;
				GCC_WARN_UNUSED_FUNCTION = YES;
				GCC_WARN_UNUSED_VARIABLE = YES;
				IPHONEOS_DEPLOYMENT_TARGET = 16.4;
				MTL_ENABLE_DEBUG_INFO = INCLUDE_SOURCE;
				MTL_FAST_MATH = YES;
				ONLY_ACTIVE_ARCH = YES;
				SDKROOT = iphoneos;
				SWIFT_ACTIVE_COMPILATION_CONDITIONS = DEBUG;
				SWIFT_OPTIMIZATION_LEVEL = "-Onone";
			};
			name = Debug;
		};
		147E26B32AB4C9FF009A88D7 /* Release */ = {
			isa = XCBuildConfiguration;
			buildSettings = {
				ALWAYS_SEARCH_USER_PATHS = NO;
				CLANG_ANALYZER_NONNULL = YES;
				CLANG_ANALYZER_NUMBER_OBJECT_CONVERSION = YES_AGGRESSIVE;
				CLANG_CXX_LANGUAGE_STANDARD = "gnu++20";
				CLANG_ENABLE_MODULES = YES;
				CLANG_ENABLE_OBJC_ARC = YES;
				CLANG_ENABLE_OBJC_WEAK = YES;
				CLANG_WARN_BLOCK_CAPTURE_AUTORELEASING = YES;
				CLANG_WARN_BOOL_CONVERSION = YES;
				CLANG_WARN_COMMA = YES;
				CLANG_WARN_CONSTANT_CONVERSION = YES;
				CLANG_WARN_DEPRECATED_OBJC_IMPLEMENTATIONS = YES;
				CLANG_WARN_DIRECT_OBJC_ISA_USAGE = YES_ERROR;
				CLANG_WARN_DOCUMENTATION_COMMENTS = YES;
				CLANG_WARN_EMPTY_BODY = YES;
				CLANG_WARN_ENUM_CONVERSION = YES;
				CLANG_WARN_INFINITE_RECURSION = YES;
				CLANG_WARN_INT_CONVERSION = YES;
				CLANG_WARN_NON_LITERAL_NULL_CONVERSION = YES;
				CLANG_WARN_OBJC_IMPLICIT_RETAIN_SELF = YES;
				CLANG_WARN_OBJC_LITERAL_CONVERSION = YES;
				CLANG_WARN_OBJC_ROOT_CLASS = YES_ERROR;
				CLANG_WARN_QUOTED_INCLUDE_IN_FRAMEWORK_HEADER = YES;
				CLANG_WARN_RANGE_LOOP_ANALYSIS = YES;
				CLANG_WARN_STRICT_PROTOTYPES = YES;
				CLANG_WARN_SUSPICIOUS_MOVE = YES;
				CLANG_WARN_UNGUARDED_AVAILABILITY = YES_AGGRESSIVE;
				CLANG_WARN_UNREACHABLE_CODE = YES;
				CLANG_WARN__DUPLICATE_METHOD_MATCH = YES;
				COPY_PHASE_STRIP = NO;
				DEBUG_INFORMATION_FORMAT = "dwarf-with-dsym";
				ENABLE_NS_ASSERTIONS = NO;
				ENABLE_STRICT_OBJC_MSGSEND = YES;
				GCC_C_LANGUAGE_STANDARD = gnu11;
				GCC_NO_COMMON_BLOCKS = YES;
				GCC_WARN_64_TO_32_BIT_CONVERSION = YES;
				GCC_WARN_ABOUT_RETURN_TYPE = YES_ERROR;
				GCC_WARN_UNDECLARED_SELECTOR = YES;
				GCC_WARN_UNINITIALIZED_AUTOS = YES_AGGRESSIVE;
				GCC_WARN_UNUSED_FUNCTION = YES;
				GCC_WARN_UNUSED_VARIABLE = YES;
				IPHONEOS_DEPLOYMENT_TARGET = 16.4;
				MTL_ENABLE_DEBUG_INFO = NO;
				MTL_FAST_MATH = YES;
				SDKROOT = iphoneos;
				SWIFT_COMPILATION_MODE = wholemodule;
				SWIFT_OPTIMIZATION_LEVEL = "-O";
				VALIDATE_PRODUCT = YES;
			};
			name = Release;
		};
		147E26B52AB4C9FF009A88D7 /* Debug */ = {
			isa = XCBuildConfiguration;
			buildSettings = {
				ASSETCATALOG_COMPILER_APPICON_NAME = AppIcon;
				ASSETCATALOG_COMPILER_GLOBAL_ACCENT_COLOR_NAME = AccentColor;
				CODE_SIGN_STYLE = Automatic;
				CURRENT_PROJECT_VERSION = 1;
				DEVELOPMENT_ASSET_PATHS = "\"Weald/Preview Content\"";
				DEVELOPMENT_TEAM = 7P3G4Y9CSP;
				ENABLE_PREVIEWS = YES;
				GENERATE_INFOPLIST_FILE = YES;
				INFOPLIST_KEY_UIApplicationSceneManifest_Generation = YES;
				INFOPLIST_KEY_UIApplicationSupportsIndirectInputEvents = YES;
				INFOPLIST_KEY_UILaunchScreen_Generation = YES;
				INFOPLIST_KEY_UISupportedInterfaceOrientations_iPad = "UIInterfaceOrientationPortrait UIInterfaceOrientationPortraitUpsideDown UIInterfaceOrientationLandscapeLeft UIInterfaceOrientationLandscapeRight";
				INFOPLIST_KEY_UISupportedInterfaceOrientations_iPhone = "UIInterfaceOrientationPortrait UIInterfaceOrientationLandscapeLeft UIInterfaceOrientationLandscapeRight";
				LD_RUNPATH_SEARCH_PATHS = (
					"$(inherited)",
					"@executable_path/Frameworks",
				);
				MARKETING_VERSION = 1.0;
				PRODUCT_BUNDLE_IDENTIFIER = "Marcelo-de-Arau-jo.Weald";
				PRODUCT_NAME = "$(TARGET_NAME)";
				SUPPORTED_PLATFORMS = "iphoneos iphonesimulator macosx";
				SUPPORTS_MACCATALYST = NO;
				SUPPORTS_MAC_DESIGNED_FOR_IPHONE_IPAD = NO;
				SWIFT_EMIT_LOC_STRINGS = YES;
				SWIFT_VERSION = 5.0;
				TARGETED_DEVICE_FAMILY = "1,2";
			};
			name = Debug;
		};
		147E26B62AB4C9FF009A88D7 /* Release */ = {
			isa = XCBuildConfiguration;
			buildSettings = {
				ASSETCATALOG_COMPILER_APPICON_NAME = AppIcon;
				ASSETCATALOG_COMPILER_GLOBAL_ACCENT_COLOR_NAME = AccentColor;
				CODE_SIGN_STYLE = Automatic;
				CURRENT_PROJECT_VERSION = 1;
				DEVELOPMENT_ASSET_PATHS = "\"Weald/Preview Content\"";
				DEVELOPMENT_TEAM = 7P3G4Y9CSP;
				ENABLE_PREVIEWS = YES;
				GENERATE_INFOPLIST_FILE = YES;
				INFOPLIST_KEY_UIApplicationSceneManifest_Generation = YES;
				INFOPLIST_KEY_UIApplicationSupportsIndirectInputEvents = YES;
				INFOPLIST_KEY_UILaunchScreen_Generation = YES;
				INFOPLIST_KEY_UISupportedInterfaceOrientations_iPad = "UIInterfaceOrientationPortrait UIInterfaceOrientationPortraitUpsideDown UIInterfaceOrientationLandscapeLeft UIInterfaceOrientationLandscapeRight";
				INFOPLIST_KEY_UISupportedInterfaceOrientations_iPhone = "UIInterfaceOrientationPortrait UIInterfaceOrientationLandscapeLeft UIInterfaceOrientationLandscapeRight";
				LD_RUNPATH_SEARCH_PATHS = (
					"$(inherited)",
					"@executable_path/Frameworks",
				);
				MARKETING_VERSION = 1.0;
				PRODUCT_BUNDLE_IDENTIFIER = "Marcelo-de-Arau-jo.Weald";
				PRODUCT_NAME = "$(TARGET_NAME)";
				SUPPORTED_PLATFORMS = "iphoneos iphonesimulator macosx";
				SUPPORTS_MACCATALYST = NO;
				SUPPORTS_MAC_DESIGNED_FOR_IPHONE_IPAD = NO;
				SWIFT_EMIT_LOC_STRINGS = YES;
				SWIFT_VERSION = 5.0;
				TARGETED_DEVICE_FAMILY = "1,2";
			};
			name = Release;
		};
/* End XCBuildConfiguration section */

/* Begin XCConfigurationList section */
		147E26A12AB4C9FF009A88D7 /* Build configuration list for PBXProject "Weald" */ = {
			isa = XCConfigurationList;
			buildConfigurations = (
				147E26B22AB4C9FF009A88D7 /* Debug */,
				147E26B32AB4C9FF009A88D7 /* Release */,
			);
			defaultConfigurationIsVisible = 0;
			defaultConfigurationName = Release;
		};
		147E26B42AB4C9FF009A88D7 /* Build configuration list for PBXNativeTarget "Weald" */ = {
			isa = XCConfigurationList;
			buildConfigurations = (
				147E26B52AB4C9FF009A88D7 /* Debug */,
				147E26B62AB4C9FF009A88D7 /* Release */,
			);
			defaultConfigurationIsVisible = 0;
			defaultConfigurationName = Release;
		};
/* End XCConfigurationList section */
	};
	rootObject = 147E269E2AB4C9FF009A88D7 /* Project object */;
}
